{
  "name": "z0-shell",
  "version": "1.0.0",
  "lockfileVersion": 1,
  "requires": true,
  "dependencies": {
    "@types/node": {
      "version": "10.7.1",
      "resolved": "https://registry.npmjs.org/@types/node/-/node-10.7.1.tgz",
      "integrity": "sha512-EGoI4ylB/lPOaqXqtzAyL8HcgOuCtH2hkEaLmkueOYufsTFWBn4VCvlCDC2HW8Q+9iF+QVC3sxjDKQYjHQeZ9w=="
    },
    "nan": {
      "version": "2.10.0",
      "resolved": "https://registry.npmjs.org/nan/-/nan-2.10.0.tgz",
      "integrity": "sha512-bAdJv7fBLhWC+/Bls0Oza+mvTaNQtP+1RyhhhvD95pgUJz6XM5IzgmxOkItJ9tkoCiplvAnXI1tNmmUD/eScyA=="
    },
    "node-pty": {
      "version": "0.7.6",
      "resolved": "https://registry.npmjs.org/node-pty/-/node-pty-0.7.6.tgz",
      "integrity": "sha512-ECzKUB7KkAFZ0cjyjMXp5WLJ+7YIZ1xnNmiiegOI6WdDaKABUNV5NbB1Dw9MXD4KrZipWII0wQ7RGZ6StU/7jA==",
      "requires": {
        "nan": "2.10.0"
      }
    }
  }
}
